
Microsoft Visual Studio Solution File, Format Version 12.00
# Visual Studio Version 17
VisualStudioVersion = 17.6.33829.357
MinimumVisualStudioVersion = 10.0.40219.1
Project("{2150E333-8FDC-42A3-9474-1A3956D46DE8}") = "Solution Items", "Solution Items", "{8024C235-06A8-45D2-B4F0-2CFD70EE532B}"
	ProjectSection(SolutionItems) = preProject
		.editorconfig = .editorconfig
	EndProjectSection
EndProject
Project("{9A19103F-16F7-4668-BE54-9A1E7A4F7556}") = "12865", "12865\12865.csproj", "{C2A4618D-1ED2-48CF-9A63-896921F3DCB3}"
EndProject
Project("{9A19103F-16F7-4668-BE54-9A1E7A4F7556}") = "1966", "1966\1966.csproj", "{B1420C02-710C-4CFD-A56A-BA2D481B6F00}"
EndProject
Project("{9A19103F-16F7-4668-BE54-9A1E7A4F7556}") = "9655", "9655\9655.csproj", "{5BB0840F-E1E8-403B-BAF8-8401F2AE6D9C}"
EndProject
Project("{9A19103F-16F7-4668-BE54-9A1E7A4F7556}") = "1655", "1655\1655.csproj", "{ADF968C7-3C2E-46CD-96FC-A4A9AA0AFCDA}"
EndProject
Project("{9A19103F-16F7-4668-BE54-9A1E7A4F7556}") = "3197", "3197\3197.csproj", "{14FF68A5-1D29-419A-BACD-7911AD5A9AEE}"
EndProject
Project("{9A19103F-16F7-4668-BE54-9A1E7A4F7556}") = "1003", "1003\1003.csproj", "{6E66D661-ABC8-4914-B7EC-FF23FED95ADD}"
EndProject
Project("{9A19103F-16F7-4668-BE54-9A1E7A4F7556}") = "11286", "11286\11286.csproj", "{D19DE63B-1175-49C6-9AC4-FC919FE3DF74}"
EndProject
Project("{9A19103F-16F7-4668-BE54-9A1E7A4F7556}") = "2178", "2178\2178.csproj", "{B2D75D41-A1A0-461D-9299-7703AFAFEA4F}"
EndProject
Project("{9A19103F-16F7-4668-BE54-9A1E7A4F7556}") = "1012", "1012\1012.csproj", "{C516CA9C-8FDA-4494-80AC-91E01319513A}"
EndProject
Project("{9A19103F-16F7-4668-BE54-9A1E7A4F7556}") = "1074", "1074\1074.csproj", "{A36FCD1F-7CD1-4364-8C07-A8692498F929}"
EndProject
Project("{9A19103F-16F7-4668-BE54-9A1E7A4F7556}") = "1463", "1463\1463.csproj", "{FDCDA50F-EB74-4B9F-9340-3FF2D89DD1E9}"
EndProject
Project("{9A19103F-16F7-4668-BE54-9A1E7A4F7556}") = "1620", "1620\1620.csproj", "{26C95711-C9D9-41CD-8A94-A0EA4523A954}"
EndProject
Project("{9A19103F-16F7-4668-BE54-9A1E7A4F7556}") = "1697", "1697\1697.csproj", "{4055C7B4-C818-4CF9-AE2C-99FF37A4A02E}"
EndProject
Project("{9A19103F-16F7-4668-BE54-9A1E7A4F7556}") = "1764", "1764\1764.csproj", "{508F35D5-DA8D-4B41-BAD1-A1138A6203C6}"
EndProject
Project("{9A19103F-16F7-4668-BE54-9A1E7A4F7556}") = "1927", "1927\1927.csproj", "{A14093D3-1575-41B3-9FB9-178B4B3F0F58}"
EndProject
Project("{9A19103F-16F7-4668-BE54-9A1E7A4F7556}") = "1931", "1931\1931.csproj", "{E5C62ACF-EE18-4B0A-AE04-D00D90111FF3}"
EndProject
Project("{9A19103F-16F7-4668-BE54-9A1E7A4F7556}") = "2606", "2606\2606.csproj", "{2536DCD0-8659-4CA4-A7A3-393467A80FB2}"
EndProject
Project("{9A19103F-16F7-4668-BE54-9A1E7A4F7556}") = "2630", "2630\2630.csproj", "{C8B643D7-7699-45E4-9282-82779E588101}"
EndProject
Project("{9A19103F-16F7-4668-BE54-9A1E7A4F7556}") = "7576", "7576\7576.csproj", "{686FBD68-1CED-4F65-9ABC-F50438EB1ABE}"
EndProject
Project("{9A19103F-16F7-4668-BE54-9A1E7A4F7556}") = "9095", "9095\9095.csproj", "{EF62F70E-62C4-4FC2-BAEA-D31EBACA79BE}"
EndProject
Project("{9A19103F-16F7-4668-BE54-9A1E7A4F7556}") = "11399", "11399\11399.csproj", "{55E2A87E-182C-45A4-9FB5-00BD70EB349A}"
EndProject
Project("{9A19103F-16F7-4668-BE54-9A1E7A4F7556}") = "11659", "11659\11659.csproj", "{FE28DD5A-B296-40E3-9B75-BA7CB55F24A3}"
EndProject
Project("{9A19103F-16F7-4668-BE54-9A1E7A4F7556}") = "11723", "11723\11723.csproj", "{651EAC57-DB1B-4A77-8607-52569EF2AF49}"
EndProject
Project("{9A19103F-16F7-4668-BE54-9A1E7A4F7556}") = "11724", "11724\11724.csproj", "{AF03B247-9F4B-4212-8008-FBBD6DF790A1}"
EndProject
Project("{9A19103F-16F7-4668-BE54-9A1E7A4F7556}") = "11726", "11726\11726.csproj", "{93499079-99AD-4203-B0E7-D702E45BAF3B}"
EndProject
Project("{9A19103F-16F7-4668-BE54-9A1E7A4F7556}") = "14940", "14940\14940.csproj", "{5412839C-4A8F-49FF-BFD2-0098BA35D85C}"
EndProject
Project("{9A19103F-16F7-4668-BE54-9A1E7A4F7556}") = "18870", "18870\18870.csproj", "{2176A117-6479-4ADD-A495-07251F359CD2}"
EndProject
Project("{9A19103F-16F7-4668-BE54-9A1E7A4F7556}") = "1005", "1005\1005.csproj", "{A1534F6C-57F3-4FE0-ADAE-DEE60BF6358D}"
EndProject
Project("{9A19103F-16F7-4668-BE54-9A1E7A4F7556}") = "1197", "1197\1197.csproj", "{386DB30E-3929-41D2-84FC-0B56E50A47EB}"
EndProject
Project("{9A19103F-16F7-4668-BE54-9A1E7A4F7556}") = "1202", "1202\1202.csproj", "{05D36716-32DE-42CD-990C-E2A4B524F4CE}"
EndProject
Project("{9A19103F-16F7-4668-BE54-9A1E7A4F7556}") = "1208", "1208\1208.csproj", "{70CADF88-5F11-4ABA-9D77-6ACBBB0396CA}"
EndProject
Project("{9A19103F-16F7-4668-BE54-9A1E7A4F7556}") = "13460", "13460\13460.csproj", "{CEA068D9-8433-4E6F-B4F7-92F1DEF3B5B8}"
EndProject
Project("{9A19103F-16F7-4668-BE54-9A1E7A4F7556}") = "9252", "9252\9252.csproj", "{1867E842-B208-41EF-A8F4-C59FD2B0AD2D}"
EndProject
Project("{9A19103F-16F7-4668-BE54-9A1E7A4F7556}") = "2166", "2166\2166.csproj", "{B36DDE5A-E5F5-4F1D-A2C3-16DA8618EDCD}"
EndProject
Project("{FAE04EC0-301F-11D3-BF4B-00C04F79EFBC}") = "2467", "2467\2467.csproj", "{85B38F8D-9524-4ACF-9D5A-00BB16F544CB}"
EndProject
Project("{FAE04EC0-301F-11D3-BF4B-00C04F79EFBC}") = "2473", "2473\2473.csproj", "{66BF1550-22B5-4A41-BD12-CC112CB48D27}"
EndProject
Project("{FAE04EC0-301F-11D3-BF4B-00C04F79EFBC}") = "7579", "7579\7579.csproj", "{828F6557-4B1D-483B-BD28-B42E85CECC36}"
EndProject
Global
	GlobalSection(SolutionConfigurationPlatforms) = preSolution
		Debug|Any CPU = Debug|Any CPU
		Debug|x64 = Debug|x64
		Debug|x86 = Debug|x86
		Release|Any CPU = Release|Any CPU
		Release|x64 = Release|x64
		Release|x86 = Release|x86
	EndGlobalSection
	GlobalSection(ProjectConfigurationPlatforms) = postSolution
		{C2A4618D-1ED2-48CF-9A63-896921F3DCB3}.Debug|Any CPU.ActiveCfg = Debug|Any CPU
		{C2A4618D-1ED2-48CF-9A63-896921F3DCB3}.Debug|Any CPU.Build.0 = Debug|Any CPU
		{C2A4618D-1ED2-48CF-9A63-896921F3DCB3}.Debug|x64.ActiveCfg = Debug|Any CPU
		{C2A4618D-1ED2-48CF-9A63-896921F3DCB3}.Debug|x64.Build.0 = Debug|Any CPU
		{C2A4618D-1ED2-48CF-9A63-896921F3DCB3}.Debug|x86.ActiveCfg = Debug|Any CPU
		{C2A4618D-1ED2-48CF-9A63-896921F3DCB3}.Debug|x86.Build.0 = Debug|Any CPU
		{C2A4618D-1ED2-48CF-9A63-896921F3DCB3}.Release|Any CPU.ActiveCfg = Release|Any CPU
		{C2A4618D-1ED2-48CF-9A63-896921F3DCB3}.Release|Any CPU.Build.0 = Release|Any CPU
		{C2A4618D-1ED2-48CF-9A63-896921F3DCB3}.Release|x64.ActiveCfg = Release|Any CPU
		{C2A4618D-1ED2-48CF-9A63-896921F3DCB3}.Release|x64.Build.0 = Release|Any CPU
		{C2A4618D-1ED2-48CF-9A63-896921F3DCB3}.Release|x86.ActiveCfg = Release|Any CPU
		{C2A4618D-1ED2-48CF-9A63-896921F3DCB3}.Release|x86.Build.0 = Release|Any CPU
		{B1420C02-710C-4CFD-A56A-BA2D481B6F00}.Debug|Any CPU.ActiveCfg = Debug|Any CPU
		{B1420C02-710C-4CFD-A56A-BA2D481B6F00}.Debug|Any CPU.Build.0 = Debug|Any CPU
		{B1420C02-710C-4CFD-A56A-BA2D481B6F00}.Debug|x64.ActiveCfg = Debug|Any CPU
		{B1420C02-710C-4CFD-A56A-BA2D481B6F00}.Debug|x64.Build.0 = Debug|Any CPU
		{B1420C02-710C-4CFD-A56A-BA2D481B6F00}.Debug|x86.ActiveCfg = Debug|Any CPU
		{B1420C02-710C-4CFD-A56A-BA2D481B6F00}.Debug|x86.Build.0 = Debug|Any CPU
		{B1420C02-710C-4CFD-A56A-BA2D481B6F00}.Release|Any CPU.ActiveCfg = Release|Any CPU
		{B1420C02-710C-4CFD-A56A-BA2D481B6F00}.Release|Any CPU.Build.0 = Release|Any CPU
		{B1420C02-710C-4CFD-A56A-BA2D481B6F00}.Release|x64.ActiveCfg = Release|Any CPU
		{B1420C02-710C-4CFD-A56A-BA2D481B6F00}.Release|x64.Build.0 = Release|Any CPU
		{B1420C02-710C-4CFD-A56A-BA2D481B6F00}.Release|x86.ActiveCfg = Release|Any CPU
		{B1420C02-710C-4CFD-A56A-BA2D481B6F00}.Release|x86.Build.0 = Release|Any CPU
		{5BB0840F-E1E8-403B-BAF8-8401F2AE6D9C}.Debug|Any CPU.ActiveCfg = Debug|Any CPU
		{5BB0840F-E1E8-403B-BAF8-8401F2AE6D9C}.Debug|Any CPU.Build.0 = Debug|Any CPU
		{5BB0840F-E1E8-403B-BAF8-8401F2AE6D9C}.Debug|x64.ActiveCfg = Debug|Any CPU
		{5BB0840F-E1E8-403B-BAF8-8401F2AE6D9C}.Debug|x64.Build.0 = Debug|Any CPU
		{5BB0840F-E1E8-403B-BAF8-8401F2AE6D9C}.Debug|x86.ActiveCfg = Debug|Any CPU
		{5BB0840F-E1E8-403B-BAF8-8401F2AE6D9C}.Debug|x86.Build.0 = Debug|Any CPU
		{5BB0840F-E1E8-403B-BAF8-8401F2AE6D9C}.Release|Any CPU.ActiveCfg = Release|Any CPU
		{5BB0840F-E1E8-403B-BAF8-8401F2AE6D9C}.Release|Any CPU.Build.0 = Release|Any CPU
		{5BB0840F-E1E8-403B-BAF8-8401F2AE6D9C}.Release|x64.ActiveCfg = Release|Any CPU
		{5BB0840F-E1E8-403B-BAF8-8401F2AE6D9C}.Release|x64.Build.0 = Release|Any CPU
		{5BB0840F-E1E8-403B-BAF8-8401F2AE6D9C}.Release|x86.ActiveCfg = Release|Any CPU
		{5BB0840F-E1E8-403B-BAF8-8401F2AE6D9C}.Release|x86.Build.0 = Release|Any CPU
		{ADF968C7-3C2E-46CD-96FC-A4A9AA0AFCDA}.Debug|Any CPU.ActiveCfg = Debug|Any CPU
		{ADF968C7-3C2E-46CD-96FC-A4A9AA0AFCDA}.Debug|Any CPU.Build.0 = Debug|Any CPU
		{ADF968C7-3C2E-46CD-96FC-A4A9AA0AFCDA}.Debug|x64.ActiveCfg = Debug|Any CPU
		{ADF968C7-3C2E-46CD-96FC-A4A9AA0AFCDA}.Debug|x64.Build.0 = Debug|Any CPU
		{ADF968C7-3C2E-46CD-96FC-A4A9AA0AFCDA}.Debug|x86.ActiveCfg = Debug|Any CPU
		{ADF968C7-3C2E-46CD-96FC-A4A9AA0AFCDA}.Debug|x86.Build.0 = Debug|Any CPU
		{ADF968C7-3C2E-46CD-96FC-A4A9AA0AFCDA}.Release|Any CPU.ActiveCfg = Release|Any CPU
		{ADF968C7-3C2E-46CD-96FC-A4A9AA0AFCDA}.Release|Any CPU.Build.0 = Release|Any CPU
		{ADF968C7-3C2E-46CD-96FC-A4A9AA0AFCDA}.Release|x64.ActiveCfg = Release|Any CPU
		{ADF968C7-3C2E-46CD-96FC-A4A9AA0AFCDA}.Release|x64.Build.0 = Release|Any CPU
		{ADF968C7-3C2E-46CD-96FC-A4A9AA0AFCDA}.Release|x86.ActiveCfg = Release|Any CPU
		{ADF968C7-3C2E-46CD-96FC-A4A9AA0AFCDA}.Release|x86.Build.0 = Release|Any CPU
		{14FF68A5-1D29-419A-BACD-7911AD5A9AEE}.Debug|Any CPU.ActiveCfg = Debug|Any CPU
		{14FF68A5-1D29-419A-BACD-7911AD5A9AEE}.Debug|Any CPU.Build.0 = Debug|Any CPU
		{14FF68A5-1D29-419A-BACD-7911AD5A9AEE}.Debug|x64.ActiveCfg = Debug|Any CPU
		{14FF68A5-1D29-419A-BACD-7911AD5A9AEE}.Debug|x64.Build.0 = Debug|Any CPU
		{14FF68A5-1D29-419A-BACD-7911AD5A9AEE}.Debug|x86.ActiveCfg = Debug|Any CPU
		{14FF68A5-1D29-419A-BACD-7911AD5A9AEE}.Debug|x86.Build.0 = Debug|Any CPU
		{14FF68A5-1D29-419A-BACD-7911AD5A9AEE}.Release|Any CPU.ActiveCfg = Release|Any CPU
		{14FF68A5-1D29-419A-BACD-7911AD5A9AEE}.Release|Any CPU.Build.0 = Release|Any CPU
		{14FF68A5-1D29-419A-BACD-7911AD5A9AEE}.Release|x64.ActiveCfg = Release|Any CPU
		{14FF68A5-1D29-419A-BACD-7911AD5A9AEE}.Release|x64.Build.0 = Release|Any CPU
		{14FF68A5-1D29-419A-BACD-7911AD5A9AEE}.Release|x86.ActiveCfg = Release|Any CPU
		{14FF68A5-1D29-419A-BACD-7911AD5A9AEE}.Release|x86.Build.0 = Release|Any CPU
		{6E66D661-ABC8-4914-B7EC-FF23FED95ADD}.Debug|Any CPU.ActiveCfg = Debug|Any CPU
		{6E66D661-ABC8-4914-B7EC-FF23FED95ADD}.Debug|Any CPU.Build.0 = Debug|Any CPU
		{6E66D661-ABC8-4914-B7EC-FF23FED95ADD}.Debug|x64.ActiveCfg = Debug|Any CPU
		{6E66D661-ABC8-4914-B7EC-FF23FED95ADD}.Debug|x64.Build.0 = Debug|Any CPU
		{6E66D661-ABC8-4914-B7EC-FF23FED95ADD}.Debug|x86.ActiveCfg = Debug|Any CPU
		{6E66D661-ABC8-4914-B7EC-FF23FED95ADD}.Debug|x86.Build.0 = Debug|Any CPU
		{6E66D661-ABC8-4914-B7EC-FF23FED95ADD}.Release|Any CPU.ActiveCfg = Release|Any CPU
		{6E66D661-ABC8-4914-B7EC-FF23FED95ADD}.Release|Any CPU.Build.0 = Release|Any CPU
		{6E66D661-ABC8-4914-B7EC-FF23FED95ADD}.Release|x64.ActiveCfg = Release|Any CPU
		{6E66D661-ABC8-4914-B7EC-FF23FED95ADD}.Release|x64.Build.0 = Release|Any CPU
		{6E66D661-ABC8-4914-B7EC-FF23FED95ADD}.Release|x86.ActiveCfg = Release|Any CPU
		{6E66D661-ABC8-4914-B7EC-FF23FED95ADD}.Release|x86.Build.0 = Release|Any CPU
		{D19DE63B-1175-49C6-9AC4-FC919FE3DF74}.Debug|Any CPU.ActiveCfg = Debug|Any CPU
		{D19DE63B-1175-49C6-9AC4-FC919FE3DF74}.Debug|Any CPU.Build.0 = Debug|Any CPU
		{D19DE63B-1175-49C6-9AC4-FC919FE3DF74}.Debug|x64.ActiveCfg = Debug|Any CPU
		{D19DE63B-1175-49C6-9AC4-FC919FE3DF74}.Debug|x64.Build.0 = Debug|Any CPU
		{D19DE63B-1175-49C6-9AC4-FC919FE3DF74}.Debug|x86.ActiveCfg = Debug|Any CPU
		{D19DE63B-1175-49C6-9AC4-FC919FE3DF74}.Debug|x86.Build.0 = Debug|Any CPU
		{D19DE63B-1175-49C6-9AC4-FC919FE3DF74}.Release|Any CPU.ActiveCfg = Release|Any CPU
		{D19DE63B-1175-49C6-9AC4-FC919FE3DF74}.Release|Any CPU.Build.0 = Release|Any CPU
		{D19DE63B-1175-49C6-9AC4-FC919FE3DF74}.Release|x64.ActiveCfg = Release|Any CPU
		{D19DE63B-1175-49C6-9AC4-FC919FE3DF74}.Release|x64.Build.0 = Release|Any CPU
		{D19DE63B-1175-49C6-9AC4-FC919FE3DF74}.Release|x86.ActiveCfg = Release|Any CPU
		{D19DE63B-1175-49C6-9AC4-FC919FE3DF74}.Release|x86.Build.0 = Release|Any CPU
		{B2D75D41-A1A0-461D-9299-7703AFAFEA4F}.Debug|Any CPU.ActiveCfg = Debug|Any CPU
		{B2D75D41-A1A0-461D-9299-7703AFAFEA4F}.Debug|Any CPU.Build.0 = Debug|Any CPU
		{B2D75D41-A1A0-461D-9299-7703AFAFEA4F}.Debug|x64.ActiveCfg = Debug|Any CPU
		{B2D75D41-A1A0-461D-9299-7703AFAFEA4F}.Debug|x64.Build.0 = Debug|Any CPU
		{B2D75D41-A1A0-461D-9299-7703AFAFEA4F}.Debug|x86.ActiveCfg = Debug|Any CPU
		{B2D75D41-A1A0-461D-9299-7703AFAFEA4F}.Debug|x86.Build.0 = Debug|Any CPU
		{B2D75D41-A1A0-461D-9299-7703AFAFEA4F}.Release|Any CPU.ActiveCfg = Release|Any CPU
		{B2D75D41-A1A0-461D-9299-7703AFAFEA4F}.Release|Any CPU.Build.0 = Release|Any CPU
		{B2D75D41-A1A0-461D-9299-7703AFAFEA4F}.Release|x64.ActiveCfg = Release|Any CPU
		{B2D75D41-A1A0-461D-9299-7703AFAFEA4F}.Release|x64.Build.0 = Release|Any CPU
		{B2D75D41-A1A0-461D-9299-7703AFAFEA4F}.Release|x86.ActiveCfg = Release|Any CPU
		{B2D75D41-A1A0-461D-9299-7703AFAFEA4F}.Release|x86.Build.0 = Release|Any CPU
		{C516CA9C-8FDA-4494-80AC-91E01319513A}.Debug|Any CPU.ActiveCfg = Debug|Any CPU
		{C516CA9C-8FDA-4494-80AC-91E01319513A}.Debug|Any CPU.Build.0 = Debug|Any CPU
		{C516CA9C-8FDA-4494-80AC-91E01319513A}.Debug|x64.ActiveCfg = Debug|Any CPU
		{C516CA9C-8FDA-4494-80AC-91E01319513A}.Debug|x64.Build.0 = Debug|Any CPU
		{C516CA9C-8FDA-4494-80AC-91E01319513A}.Debug|x86.ActiveCfg = Debug|Any CPU
		{C516CA9C-8FDA-4494-80AC-91E01319513A}.Debug|x86.Build.0 = Debug|Any CPU
		{C516CA9C-8FDA-4494-80AC-91E01319513A}.Release|Any CPU.ActiveCfg = Release|Any CPU
		{C516CA9C-8FDA-4494-80AC-91E01319513A}.Release|Any CPU.Build.0 = Release|Any CPU
		{C516CA9C-8FDA-4494-80AC-91E01319513A}.Release|x64.ActiveCfg = Release|Any CPU
		{C516CA9C-8FDA-4494-80AC-91E01319513A}.Release|x64.Build.0 = Release|Any CPU
		{C516CA9C-8FDA-4494-80AC-91E01319513A}.Release|x86.ActiveCfg = Release|Any CPU
		{C516CA9C-8FDA-4494-80AC-91E01319513A}.Release|x86.Build.0 = Release|Any CPU
		{A36FCD1F-7CD1-4364-8C07-A8692498F929}.Debug|Any CPU.ActiveCfg = Debug|Any CPU
		{A36FCD1F-7CD1-4364-8C07-A8692498F929}.Debug|Any CPU.Build.0 = Debug|Any CPU
		{A36FCD1F-7CD1-4364-8C07-A8692498F929}.Debug|x64.ActiveCfg = Debug|Any CPU
		{A36FCD1F-7CD1-4364-8C07-A8692498F929}.Debug|x64.Build.0 = Debug|Any CPU
		{A36FCD1F-7CD1-4364-8C07-A8692498F929}.Debug|x86.ActiveCfg = Debug|Any CPU
		{A36FCD1F-7CD1-4364-8C07-A8692498F929}.Debug|x86.Build.0 = Debug|Any CPU
		{A36FCD1F-7CD1-4364-8C07-A8692498F929}.Release|Any CPU.ActiveCfg = Release|Any CPU
		{A36FCD1F-7CD1-4364-8C07-A8692498F929}.Release|Any CPU.Build.0 = Release|Any CPU
		{A36FCD1F-7CD1-4364-8C07-A8692498F929}.Release|x64.ActiveCfg = Release|Any CPU
		{A36FCD1F-7CD1-4364-8C07-A8692498F929}.Release|x64.Build.0 = Release|Any CPU
		{A36FCD1F-7CD1-4364-8C07-A8692498F929}.Release|x86.ActiveCfg = Release|Any CPU
		{A36FCD1F-7CD1-4364-8C07-A8692498F929}.Release|x86.Build.0 = Release|Any CPU
		{FDCDA50F-EB74-4B9F-9340-3FF2D89DD1E9}.Debug|Any CPU.ActiveCfg = Debug|Any CPU
		{FDCDA50F-EB74-4B9F-9340-3FF2D89DD1E9}.Debug|Any CPU.Build.0 = Debug|Any CPU
		{FDCDA50F-EB74-4B9F-9340-3FF2D89DD1E9}.Debug|x64.ActiveCfg = Debug|Any CPU
		{FDCDA50F-EB74-4B9F-9340-3FF2D89DD1E9}.Debug|x64.Build.0 = Debug|Any CPU
		{FDCDA50F-EB74-4B9F-9340-3FF2D89DD1E9}.Debug|x86.ActiveCfg = Debug|Any CPU
		{FDCDA50F-EB74-4B9F-9340-3FF2D89DD1E9}.Debug|x86.Build.0 = Debug|Any CPU
		{FDCDA50F-EB74-4B9F-9340-3FF2D89DD1E9}.Release|Any CPU.ActiveCfg = Release|Any CPU
		{FDCDA50F-EB74-4B9F-9340-3FF2D89DD1E9}.Release|Any CPU.Build.0 = Release|Any CPU
		{FDCDA50F-EB74-4B9F-9340-3FF2D89DD1E9}.Release|x64.ActiveCfg = Release|Any CPU
		{FDCDA50F-EB74-4B9F-9340-3FF2D89DD1E9}.Release|x64.Build.0 = Release|Any CPU
		{FDCDA50F-EB74-4B9F-9340-3FF2D89DD1E9}.Release|x86.ActiveCfg = Release|Any CPU
		{FDCDA50F-EB74-4B9F-9340-3FF2D89DD1E9}.Release|x86.Build.0 = Release|Any CPU
		{26C95711-C9D9-41CD-8A94-A0EA4523A954}.Debug|Any CPU.ActiveCfg = Debug|Any CPU
		{26C95711-C9D9-41CD-8A94-A0EA4523A954}.Debug|Any CPU.Build.0 = Debug|Any CPU
		{26C95711-C9D9-41CD-8A94-A0EA4523A954}.Debug|x64.ActiveCfg = Debug|Any CPU
		{26C95711-C9D9-41CD-8A94-A0EA4523A954}.Debug|x64.Build.0 = Debug|Any CPU
		{26C95711-C9D9-41CD-8A94-A0EA4523A954}.Debug|x86.ActiveCfg = Debug|Any CPU
		{26C95711-C9D9-41CD-8A94-A0EA4523A954}.Debug|x86.Build.0 = Debug|Any CPU
		{26C95711-C9D9-41CD-8A94-A0EA4523A954}.Release|Any CPU.ActiveCfg = Release|Any CPU
		{26C95711-C9D9-41CD-8A94-A0EA4523A954}.Release|Any CPU.Build.0 = Release|Any CPU
		{26C95711-C9D9-41CD-8A94-A0EA4523A954}.Release|x64.ActiveCfg = Release|Any CPU
		{26C95711-C9D9-41CD-8A94-A0EA4523A954}.Release|x64.Build.0 = Release|Any CPU
		{26C95711-C9D9-41CD-8A94-A0EA4523A954}.Release|x86.ActiveCfg = Release|Any CPU
		{26C95711-C9D9-41CD-8A94-A0EA4523A954}.Release|x86.Build.0 = Release|Any CPU
		{4055C7B4-C818-4CF9-AE2C-99FF37A4A02E}.Debug|Any CPU.ActiveCfg = Debug|Any CPU
		{4055C7B4-C818-4CF9-AE2C-99FF37A4A02E}.Debug|Any CPU.Build.0 = Debug|Any CPU
		{4055C7B4-C818-4CF9-AE2C-99FF37A4A02E}.Debug|x64.ActiveCfg = Debug|Any CPU
		{4055C7B4-C818-4CF9-AE2C-99FF37A4A02E}.Debug|x64.Build.0 = Debug|Any CPU
		{4055C7B4-C818-4CF9-AE2C-99FF37A4A02E}.Debug|x86.ActiveCfg = Debug|Any CPU
		{4055C7B4-C818-4CF9-AE2C-99FF37A4A02E}.Debug|x86.Build.0 = Debug|Any CPU
		{4055C7B4-C818-4CF9-AE2C-99FF37A4A02E}.Release|Any CPU.ActiveCfg = Release|Any CPU
		{4055C7B4-C818-4CF9-AE2C-99FF37A4A02E}.Release|Any CPU.Build.0 = Release|Any CPU
		{4055C7B4-C818-4CF9-AE2C-99FF37A4A02E}.Release|x64.ActiveCfg = Release|Any CPU
		{4055C7B4-C818-4CF9-AE2C-99FF37A4A02E}.Release|x64.Build.0 = Release|Any CPU
		{4055C7B4-C818-4CF9-AE2C-99FF37A4A02E}.Release|x86.ActiveCfg = Release|Any CPU
		{4055C7B4-C818-4CF9-AE2C-99FF37A4A02E}.Release|x86.Build.0 = Release|Any CPU
		{508F35D5-DA8D-4B41-BAD1-A1138A6203C6}.Debug|Any CPU.ActiveCfg = Debug|Any CPU
		{508F35D5-DA8D-4B41-BAD1-A1138A6203C6}.Debug|Any CPU.Build.0 = Debug|Any CPU
		{508F35D5-DA8D-4B41-BAD1-A1138A6203C6}.Debug|x64.ActiveCfg = Debug|Any CPU
		{508F35D5-DA8D-4B41-BAD1-A1138A6203C6}.Debug|x64.Build.0 = Debug|Any CPU
		{508F35D5-DA8D-4B41-BAD1-A1138A6203C6}.Debug|x86.ActiveCfg = Debug|Any CPU
		{508F35D5-DA8D-4B41-BAD1-A1138A6203C6}.Debug|x86.Build.0 = Debug|Any CPU
		{508F35D5-DA8D-4B41-BAD1-A1138A6203C6}.Release|Any CPU.ActiveCfg = Release|Any CPU
		{508F35D5-DA8D-4B41-BAD1-A1138A6203C6}.Release|Any CPU.Build.0 = Release|Any CPU
		{508F35D5-DA8D-4B41-BAD1-A1138A6203C6}.Release|x64.ActiveCfg = Release|Any CPU
		{508F35D5-DA8D-4B41-BAD1-A1138A6203C6}.Release|x64.Build.0 = Release|Any CPU
		{508F35D5-DA8D-4B41-BAD1-A1138A6203C6}.Release|x86.ActiveCfg = Release|Any CPU
		{508F35D5-DA8D-4B41-BAD1-A1138A6203C6}.Release|x86.Build.0 = Release|Any CPU
		{A14093D3-1575-41B3-9FB9-178B4B3F0F58}.Debug|Any CPU.ActiveCfg = Debug|Any CPU
		{A14093D3-1575-41B3-9FB9-178B4B3F0F58}.Debug|Any CPU.Build.0 = Debug|Any CPU
		{A14093D3-1575-41B3-9FB9-178B4B3F0F58}.Debug|x64.ActiveCfg = Debug|Any CPU
		{A14093D3-1575-41B3-9FB9-178B4B3F0F58}.Debug|x64.Build.0 = Debug|Any CPU
		{A14093D3-1575-41B3-9FB9-178B4B3F0F58}.Debug|x86.ActiveCfg = Debug|Any CPU
		{A14093D3-1575-41B3-9FB9-178B4B3F0F58}.Debug|x86.Build.0 = Debug|Any CPU
		{A14093D3-1575-41B3-9FB9-178B4B3F0F58}.Release|Any CPU.ActiveCfg = Release|Any CPU
		{A14093D3-1575-41B3-9FB9-178B4B3F0F58}.Release|Any CPU.Build.0 = Release|Any CPU
		{A14093D3-1575-41B3-9FB9-178B4B3F0F58}.Release|x64.ActiveCfg = Release|Any CPU
		{A14093D3-1575-41B3-9FB9-178B4B3F0F58}.Release|x64.Build.0 = Release|Any CPU
		{A14093D3-1575-41B3-9FB9-178B4B3F0F58}.Release|x86.ActiveCfg = Release|Any CPU
		{A14093D3-1575-41B3-9FB9-178B4B3F0F58}.Release|x86.Build.0 = Release|Any CPU
		{E5C62ACF-EE18-4B0A-AE04-D00D90111FF3}.Debug|Any CPU.ActiveCfg = Debug|Any CPU
		{E5C62ACF-EE18-4B0A-AE04-D00D90111FF3}.Debug|Any CPU.Build.0 = Debug|Any CPU
		{E5C62ACF-EE18-4B0A-AE04-D00D90111FF3}.Debug|x64.ActiveCfg = Debug|Any CPU
		{E5C62ACF-EE18-4B0A-AE04-D00D90111FF3}.Debug|x64.Build.0 = Debug|Any CPU
		{E5C62ACF-EE18-4B0A-AE04-D00D90111FF3}.Debug|x86.ActiveCfg = Debug|Any CPU
		{E5C62ACF-EE18-4B0A-AE04-D00D90111FF3}.Debug|x86.Build.0 = Debug|Any CPU
		{E5C62ACF-EE18-4B0A-AE04-D00D90111FF3}.Release|Any CPU.ActiveCfg = Release|Any CPU
		{E5C62ACF-EE18-4B0A-AE04-D00D90111FF3}.Release|Any CPU.Build.0 = Release|Any CPU
		{E5C62ACF-EE18-4B0A-AE04-D00D90111FF3}.Release|x64.ActiveCfg = Release|Any CPU
		{E5C62ACF-EE18-4B0A-AE04-D00D90111FF3}.Release|x64.Build.0 = Release|Any CPU
		{E5C62ACF-EE18-4B0A-AE04-D00D90111FF3}.Release|x86.ActiveCfg = Release|Any CPU
		{E5C62ACF-EE18-4B0A-AE04-D00D90111FF3}.Release|x86.Build.0 = Release|Any CPU
		{2536DCD0-8659-4CA4-A7A3-393467A80FB2}.Debug|Any CPU.ActiveCfg = Debug|Any CPU
		{2536DCD0-8659-4CA4-A7A3-393467A80FB2}.Debug|Any CPU.Build.0 = Debug|Any CPU
		{2536DCD0-8659-4CA4-A7A3-393467A80FB2}.Debug|x64.ActiveCfg = Debug|Any CPU
		{2536DCD0-8659-4CA4-A7A3-393467A80FB2}.Debug|x64.Build.0 = Debug|Any CPU
		{2536DCD0-8659-4CA4-A7A3-393467A80FB2}.Debug|x86.ActiveCfg = Debug|Any CPU
		{2536DCD0-8659-4CA4-A7A3-393467A80FB2}.Debug|x86.Build.0 = Debug|Any CPU
		{2536DCD0-8659-4CA4-A7A3-393467A80FB2}.Release|Any CPU.ActiveCfg = Release|Any CPU
		{2536DCD0-8659-4CA4-A7A3-393467A80FB2}.Release|Any CPU.Build.0 = Release|Any CPU
		{2536DCD0-8659-4CA4-A7A3-393467A80FB2}.Release|x64.ActiveCfg = Release|Any CPU
		{2536DCD0-8659-4CA4-A7A3-393467A80FB2}.Release|x64.Build.0 = Release|Any CPU
		{2536DCD0-8659-4CA4-A7A3-393467A80FB2}.Release|x86.ActiveCfg = Release|Any CPU
		{2536DCD0-8659-4CA4-A7A3-393467A80FB2}.Release|x86.Build.0 = Release|Any CPU
		{C8B643D7-7699-45E4-9282-82779E588101}.Debug|Any CPU.ActiveCfg = Debug|Any CPU
		{C8B643D7-7699-45E4-9282-82779E588101}.Debug|Any CPU.Build.0 = Debug|Any CPU
		{C8B643D7-7699-45E4-9282-82779E588101}.Debug|x64.ActiveCfg = Debug|Any CPU
		{C8B643D7-7699-45E4-9282-82779E588101}.Debug|x64.Build.0 = Debug|Any CPU
		{C8B643D7-7699-45E4-9282-82779E588101}.Debug|x86.ActiveCfg = Debug|Any CPU
		{C8B643D7-7699-45E4-9282-82779E588101}.Debug|x86.Build.0 = Debug|Any CPU
		{C8B643D7-7699-45E4-9282-82779E588101}.Release|Any CPU.ActiveCfg = Release|Any CPU
		{C8B643D7-7699-45E4-9282-82779E588101}.Release|Any CPU.Build.0 = Release|Any CPU
		{C8B643D7-7699-45E4-9282-82779E588101}.Release|x64.ActiveCfg = Release|Any CPU
		{C8B643D7-7699-45E4-9282-82779E588101}.Release|x64.Build.0 = Release|Any CPU
		{C8B643D7-7699-45E4-9282-82779E588101}.Release|x86.ActiveCfg = Release|Any CPU
		{C8B643D7-7699-45E4-9282-82779E588101}.Release|x86.Build.0 = Release|Any CPU
		{686FBD68-1CED-4F65-9ABC-F50438EB1ABE}.Debug|Any CPU.ActiveCfg = Debug|Any CPU
		{686FBD68-1CED-4F65-9ABC-F50438EB1ABE}.Debug|Any CPU.Build.0 = Debug|Any CPU
		{686FBD68-1CED-4F65-9ABC-F50438EB1ABE}.Debug|x64.ActiveCfg = Debug|Any CPU
		{686FBD68-1CED-4F65-9ABC-F50438EB1ABE}.Debug|x64.Build.0 = Debug|Any CPU
		{686FBD68-1CED-4F65-9ABC-F50438EB1ABE}.Debug|x86.ActiveCfg = Debug|Any CPU
		{686FBD68-1CED-4F65-9ABC-F50438EB1ABE}.Debug|x86.Build.0 = Debug|Any CPU
		{686FBD68-1CED-4F65-9ABC-F50438EB1ABE}.Release|Any CPU.ActiveCfg = Release|Any CPU
		{686FBD68-1CED-4F65-9ABC-F50438EB1ABE}.Release|Any CPU.Build.0 = Release|Any CPU
		{686FBD68-1CED-4F65-9ABC-F50438EB1ABE}.Release|x64.ActiveCfg = Release|Any CPU
		{686FBD68-1CED-4F65-9ABC-F50438EB1ABE}.Release|x64.Build.0 = Release|Any CPU
		{686FBD68-1CED-4F65-9ABC-F50438EB1ABE}.Release|x86.ActiveCfg = Release|Any CPU
		{686FBD68-1CED-4F65-9ABC-F50438EB1ABE}.Release|x86.Build.0 = Release|Any CPU
		{EF62F70E-62C4-4FC2-BAEA-D31EBACA79BE}.Debug|Any CPU.ActiveCfg = Debug|Any CPU
		{EF62F70E-62C4-4FC2-BAEA-D31EBACA79BE}.Debug|Any CPU.Build.0 = Debug|Any CPU
		{EF62F70E-62C4-4FC2-BAEA-D31EBACA79BE}.Debug|x64.ActiveCfg = Debug|Any CPU
		{EF62F70E-62C4-4FC2-BAEA-D31EBACA79BE}.Debug|x64.Build.0 = Debug|Any CPU
		{EF62F70E-62C4-4FC2-BAEA-D31EBACA79BE}.Debug|x86.ActiveCfg = Debug|Any CPU
		{EF62F70E-62C4-4FC2-BAEA-D31EBACA79BE}.Debug|x86.Build.0 = Debug|Any CPU
		{EF62F70E-62C4-4FC2-BAEA-D31EBACA79BE}.Release|Any CPU.ActiveCfg = Release|Any CPU
		{EF62F70E-62C4-4FC2-BAEA-D31EBACA79BE}.Release|Any CPU.Build.0 = Release|Any CPU
		{EF62F70E-62C4-4FC2-BAEA-D31EBACA79BE}.Release|x64.ActiveCfg = Release|Any CPU
		{EF62F70E-62C4-4FC2-BAEA-D31EBACA79BE}.Release|x64.Build.0 = Release|Any CPU
		{EF62F70E-62C4-4FC2-BAEA-D31EBACA79BE}.Release|x86.ActiveCfg = Release|Any CPU
		{EF62F70E-62C4-4FC2-BAEA-D31EBACA79BE}.Release|x86.Build.0 = Release|Any CPU
		{55E2A87E-182C-45A4-9FB5-00BD70EB349A}.Debug|Any CPU.ActiveCfg = Debug|Any CPU
		{55E2A87E-182C-45A4-9FB5-00BD70EB349A}.Debug|Any CPU.Build.0 = Debug|Any CPU
		{55E2A87E-182C-45A4-9FB5-00BD70EB349A}.Debug|x64.ActiveCfg = Debug|Any CPU
		{55E2A87E-182C-45A4-9FB5-00BD70EB349A}.Debug|x64.Build.0 = Debug|Any CPU
		{55E2A87E-182C-45A4-9FB5-00BD70EB349A}.Debug|x86.ActiveCfg = Debug|Any CPU
		{55E2A87E-182C-45A4-9FB5-00BD70EB349A}.Debug|x86.Build.0 = Debug|Any CPU
		{55E2A87E-182C-45A4-9FB5-00BD70EB349A}.Release|Any CPU.ActiveCfg = Release|Any CPU
		{55E2A87E-182C-45A4-9FB5-00BD70EB349A}.Release|Any CPU.Build.0 = Release|Any CPU
		{55E2A87E-182C-45A4-9FB5-00BD70EB349A}.Release|x64.ActiveCfg = Release|Any CPU
		{55E2A87E-182C-45A4-9FB5-00BD70EB349A}.Release|x64.Build.0 = Release|Any CPU
		{55E2A87E-182C-45A4-9FB5-00BD70EB349A}.Release|x86.ActiveCfg = Release|Any CPU
		{55E2A87E-182C-45A4-9FB5-00BD70EB349A}.Release|x86.Build.0 = Release|Any CPU
		{FE28DD5A-B296-40E3-9B75-BA7CB55F24A3}.Debug|Any CPU.ActiveCfg = Debug|Any CPU
		{FE28DD5A-B296-40E3-9B75-BA7CB55F24A3}.Debug|Any CPU.Build.0 = Debug|Any CPU
		{FE28DD5A-B296-40E3-9B75-BA7CB55F24A3}.Debug|x64.ActiveCfg = Debug|Any CPU
		{FE28DD5A-B296-40E3-9B75-BA7CB55F24A3}.Debug|x64.Build.0 = Debug|Any CPU
		{FE28DD5A-B296-40E3-9B75-BA7CB55F24A3}.Debug|x86.ActiveCfg = Debug|Any CPU
		{FE28DD5A-B296-40E3-9B75-BA7CB55F24A3}.Debug|x86.Build.0 = Debug|Any CPU
		{FE28DD5A-B296-40E3-9B75-BA7CB55F24A3}.Release|Any CPU.ActiveCfg = Release|Any CPU
		{FE28DD5A-B296-40E3-9B75-BA7CB55F24A3}.Release|Any CPU.Build.0 = Release|Any CPU
		{FE28DD5A-B296-40E3-9B75-BA7CB55F24A3}.Release|x64.ActiveCfg = Release|Any CPU
		{FE28DD5A-B296-40E3-9B75-BA7CB55F24A3}.Release|x64.Build.0 = Release|Any CPU
		{FE28DD5A-B296-40E3-9B75-BA7CB55F24A3}.Release|x86.ActiveCfg = Release|Any CPU
		{FE28DD5A-B296-40E3-9B75-BA7CB55F24A3}.Release|x86.Build.0 = Release|Any CPU
		{651EAC57-DB1B-4A77-8607-52569EF2AF49}.Debug|Any CPU.ActiveCfg = Debug|Any CPU
		{651EAC57-DB1B-4A77-8607-52569EF2AF49}.Debug|Any CPU.Build.0 = Debug|Any CPU
		{651EAC57-DB1B-4A77-8607-52569EF2AF49}.Debug|x64.ActiveCfg = Debug|Any CPU
		{651EAC57-DB1B-4A77-8607-52569EF2AF49}.Debug|x64.Build.0 = Debug|Any CPU
		{651EAC57-DB1B-4A77-8607-52569EF2AF49}.Debug|x86.ActiveCfg = Debug|Any CPU
		{651EAC57-DB1B-4A77-8607-52569EF2AF49}.Debug|x86.Build.0 = Debug|Any CPU
		{651EAC57-DB1B-4A77-8607-52569EF2AF49}.Release|Any CPU.ActiveCfg = Release|Any CPU
		{651EAC57-DB1B-4A77-8607-52569EF2AF49}.Release|Any CPU.Build.0 = Release|Any CPU
		{651EAC57-DB1B-4A77-8607-52569EF2AF49}.Release|x64.ActiveCfg = Release|Any CPU
		{651EAC57-DB1B-4A77-8607-52569EF2AF49}.Release|x64.Build.0 = Release|Any CPU
		{651EAC57-DB1B-4A77-8607-52569EF2AF49}.Release|x86.ActiveCfg = Release|Any CPU
		{651EAC57-DB1B-4A77-8607-52569EF2AF49}.Release|x86.Build.0 = Release|Any CPU
		{AF03B247-9F4B-4212-8008-FBBD6DF790A1}.Debug|Any CPU.ActiveCfg = Debug|Any CPU
		{AF03B247-9F4B-4212-8008-FBBD6DF790A1}.Debug|Any CPU.Build.0 = Debug|Any CPU
		{AF03B247-9F4B-4212-8008-FBBD6DF790A1}.Debug|x64.ActiveCfg = Debug|Any CPU
		{AF03B247-9F4B-4212-8008-FBBD6DF790A1}.Debug|x64.Build.0 = Debug|Any CPU
		{AF03B247-9F4B-4212-8008-FBBD6DF790A1}.Debug|x86.ActiveCfg = Debug|Any CPU
		{AF03B247-9F4B-4212-8008-FBBD6DF790A1}.Debug|x86.Build.0 = Debug|Any CPU
		{AF03B247-9F4B-4212-8008-FBBD6DF790A1}.Release|Any CPU.ActiveCfg = Release|Any CPU
		{AF03B247-9F4B-4212-8008-FBBD6DF790A1}.Release|Any CPU.Build.0 = Release|Any CPU
		{AF03B247-9F4B-4212-8008-FBBD6DF790A1}.Release|x64.ActiveCfg = Release|Any CPU
		{AF03B247-9F4B-4212-8008-FBBD6DF790A1}.Release|x64.Build.0 = Release|Any CPU
		{AF03B247-9F4B-4212-8008-FBBD6DF790A1}.Release|x86.ActiveCfg = Release|Any CPU
		{AF03B247-9F4B-4212-8008-FBBD6DF790A1}.Release|x86.Build.0 = Release|Any CPU
		{93499079-99AD-4203-B0E7-D702E45BAF3B}.Debug|Any CPU.ActiveCfg = Debug|Any CPU
		{93499079-99AD-4203-B0E7-D702E45BAF3B}.Debug|Any CPU.Build.0 = Debug|Any CPU
		{93499079-99AD-4203-B0E7-D702E45BAF3B}.Debug|x64.ActiveCfg = Debug|Any CPU
		{93499079-99AD-4203-B0E7-D702E45BAF3B}.Debug|x64.Build.0 = Debug|Any CPU
		{93499079-99AD-4203-B0E7-D702E45BAF3B}.Debug|x86.ActiveCfg = Debug|Any CPU
		{93499079-99AD-4203-B0E7-D702E45BAF3B}.Debug|x86.Build.0 = Debug|Any CPU
		{93499079-99AD-4203-B0E7-D702E45BAF3B}.Release|Any CPU.ActiveCfg = Release|Any CPU
		{93499079-99AD-4203-B0E7-D702E45BAF3B}.Release|Any CPU.Build.0 = Release|Any CPU
		{93499079-99AD-4203-B0E7-D702E45BAF3B}.Release|x64.ActiveCfg = Release|Any CPU
		{93499079-99AD-4203-B0E7-D702E45BAF3B}.Release|x64.Build.0 = Release|Any CPU
		{93499079-99AD-4203-B0E7-D702E45BAF3B}.Release|x86.ActiveCfg = Release|Any CPU
		{93499079-99AD-4203-B0E7-D702E45BAF3B}.Release|x86.Build.0 = Release|Any CPU
		{5412839C-4A8F-49FF-BFD2-0098BA35D85C}.Debug|Any CPU.ActiveCfg = Debug|Any CPU
		{5412839C-4A8F-49FF-BFD2-0098BA35D85C}.Debug|Any CPU.Build.0 = Debug|Any CPU
		{5412839C-4A8F-49FF-BFD2-0098BA35D85C}.Debug|x64.ActiveCfg = Debug|Any CPU
		{5412839C-4A8F-49FF-BFD2-0098BA35D85C}.Debug|x64.Build.0 = Debug|Any CPU
		{5412839C-4A8F-49FF-BFD2-0098BA35D85C}.Debug|x86.ActiveCfg = Debug|Any CPU
		{5412839C-4A8F-49FF-BFD2-0098BA35D85C}.Debug|x86.Build.0 = Debug|Any CPU
		{5412839C-4A8F-49FF-BFD2-0098BA35D85C}.Release|Any CPU.ActiveCfg = Release|Any CPU
		{5412839C-4A8F-49FF-BFD2-0098BA35D85C}.Release|Any CPU.Build.0 = Release|Any CPU
		{5412839C-4A8F-49FF-BFD2-0098BA35D85C}.Release|x64.ActiveCfg = Release|Any CPU
		{5412839C-4A8F-49FF-BFD2-0098BA35D85C}.Release|x64.Build.0 = Release|Any CPU
		{5412839C-4A8F-49FF-BFD2-0098BA35D85C}.Release|x86.ActiveCfg = Release|Any CPU
		{5412839C-4A8F-49FF-BFD2-0098BA35D85C}.Release|x86.Build.0 = Release|Any CPU
		{2176A117-6479-4ADD-A495-07251F359CD2}.Debug|Any CPU.ActiveCfg = Debug|Any CPU
		{2176A117-6479-4ADD-A495-07251F359CD2}.Debug|Any CPU.Build.0 = Debug|Any CPU
		{2176A117-6479-4ADD-A495-07251F359CD2}.Debug|x64.ActiveCfg = Debug|Any CPU
		{2176A117-6479-4ADD-A495-07251F359CD2}.Debug|x64.Build.0 = Debug|Any CPU
		{2176A117-6479-4ADD-A495-07251F359CD2}.Debug|x86.ActiveCfg = Debug|Any CPU
		{2176A117-6479-4ADD-A495-07251F359CD2}.Debug|x86.Build.0 = Debug|Any CPU
		{2176A117-6479-4ADD-A495-07251F359CD2}.Release|Any CPU.ActiveCfg = Release|Any CPU
		{2176A117-6479-4ADD-A495-07251F359CD2}.Release|Any CPU.Build.0 = Release|Any CPU
		{2176A117-6479-4ADD-A495-07251F359CD2}.Release|x64.ActiveCfg = Release|Any CPU
		{2176A117-6479-4ADD-A495-07251F359CD2}.Release|x64.Build.0 = Release|Any CPU
		{2176A117-6479-4ADD-A495-07251F359CD2}.Release|x86.ActiveCfg = Release|Any CPU
		{2176A117-6479-4ADD-A495-07251F359CD2}.Release|x86.Build.0 = Release|Any CPU
		{A1534F6C-57F3-4FE0-ADAE-DEE60BF6358D}.Debug|Any CPU.ActiveCfg = Debug|Any CPU
		{A1534F6C-57F3-4FE0-ADAE-DEE60BF6358D}.Debug|Any CPU.Build.0 = Debug|Any CPU
		{A1534F6C-57F3-4FE0-ADAE-DEE60BF6358D}.Debug|x64.ActiveCfg = Debug|Any CPU
		{A1534F6C-57F3-4FE0-ADAE-DEE60BF6358D}.Debug|x64.Build.0 = Debug|Any CPU
		{A1534F6C-57F3-4FE0-ADAE-DEE60BF6358D}.Debug|x86.ActiveCfg = Debug|Any CPU
		{A1534F6C-57F3-4FE0-ADAE-DEE60BF6358D}.Debug|x86.Build.0 = Debug|Any CPU
		{A1534F6C-57F3-4FE0-ADAE-DEE60BF6358D}.Release|Any CPU.ActiveCfg = Release|Any CPU
		{A1534F6C-57F3-4FE0-ADAE-DEE60BF6358D}.Release|Any CPU.Build.0 = Release|Any CPU
		{A1534F6C-57F3-4FE0-ADAE-DEE60BF6358D}.Release|x64.ActiveCfg = Release|Any CPU
		{A1534F6C-57F3-4FE0-ADAE-DEE60BF6358D}.Release|x64.Build.0 = Release|Any CPU
		{A1534F6C-57F3-4FE0-ADAE-DEE60BF6358D}.Release|x86.ActiveCfg = Release|Any CPU
		{A1534F6C-57F3-4FE0-ADAE-DEE60BF6358D}.Release|x86.Build.0 = Release|Any CPU
		{386DB30E-3929-41D2-84FC-0B56E50A47EB}.Debug|Any CPU.ActiveCfg = Debug|Any CPU
		{386DB30E-3929-41D2-84FC-0B56E50A47EB}.Debug|Any CPU.Build.0 = Debug|Any CPU
		{386DB30E-3929-41D2-84FC-0B56E50A47EB}.Debug|x64.ActiveCfg = Debug|Any CPU
		{386DB30E-3929-41D2-84FC-0B56E50A47EB}.Debug|x64.Build.0 = Debug|Any CPU
		{386DB30E-3929-41D2-84FC-0B56E50A47EB}.Debug|x86.ActiveCfg = Debug|Any CPU
		{386DB30E-3929-41D2-84FC-0B56E50A47EB}.Debug|x86.Build.0 = Debug|Any CPU
		{386DB30E-3929-41D2-84FC-0B56E50A47EB}.Release|Any CPU.ActiveCfg = Release|Any CPU
		{386DB30E-3929-41D2-84FC-0B56E50A47EB}.Release|Any CPU.Build.0 = Release|Any CPU
		{386DB30E-3929-41D2-84FC-0B56E50A47EB}.Release|x64.ActiveCfg = Release|Any CPU
		{386DB30E-3929-41D2-84FC-0B56E50A47EB}.Release|x64.Build.0 = Release|Any CPU
		{386DB30E-3929-41D2-84FC-0B56E50A47EB}.Release|x86.ActiveCfg = Release|Any CPU
		{386DB30E-3929-41D2-84FC-0B56E50A47EB}.Release|x86.Build.0 = Release|Any CPU
		{05D36716-32DE-42CD-990C-E2A4B524F4CE}.Debug|Any CPU.ActiveCfg = Debug|Any CPU
		{05D36716-32DE-42CD-990C-E2A4B524F4CE}.Debug|Any CPU.Build.0 = Debug|Any CPU
		{05D36716-32DE-42CD-990C-E2A4B524F4CE}.Debug|x64.ActiveCfg = Debug|Any CPU
		{05D36716-32DE-42CD-990C-E2A4B524F4CE}.Debug|x64.Build.0 = Debug|Any CPU
		{05D36716-32DE-42CD-990C-E2A4B524F4CE}.Debug|x86.ActiveCfg = Debug|Any CPU
		{05D36716-32DE-42CD-990C-E2A4B524F4CE}.Debug|x86.Build.0 = Debug|Any CPU
		{05D36716-32DE-42CD-990C-E2A4B524F4CE}.Release|Any CPU.ActiveCfg = Release|Any CPU
		{05D36716-32DE-42CD-990C-E2A4B524F4CE}.Release|Any CPU.Build.0 = Release|Any CPU
		{05D36716-32DE-42CD-990C-E2A4B524F4CE}.Release|x64.ActiveCfg = Release|Any CPU
		{05D36716-32DE-42CD-990C-E2A4B524F4CE}.Release|x64.Build.0 = Release|Any CPU
		{05D36716-32DE-42CD-990C-E2A4B524F4CE}.Release|x86.ActiveCfg = Release|Any CPU
		{05D36716-32DE-42CD-990C-E2A4B524F4CE}.Release|x86.Build.0 = Release|Any CPU
		{70CADF88-5F11-4ABA-9D77-6ACBBB0396CA}.Debug|Any CPU.ActiveCfg = Debug|Any CPU
		{70CADF88-5F11-4ABA-9D77-6ACBBB0396CA}.Debug|Any CPU.Build.0 = Debug|Any CPU
		{70CADF88-5F11-4ABA-9D77-6ACBBB0396CA}.Debug|x64.ActiveCfg = Debug|Any CPU
		{70CADF88-5F11-4ABA-9D77-6ACBBB0396CA}.Debug|x64.Build.0 = Debug|Any CPU
		{70CADF88-5F11-4ABA-9D77-6ACBBB0396CA}.Debug|x86.ActiveCfg = Debug|Any CPU
		{70CADF88-5F11-4ABA-9D77-6ACBBB0396CA}.Debug|x86.Build.0 = Debug|Any CPU
		{70CADF88-5F11-4ABA-9D77-6ACBBB0396CA}.Release|Any CPU.ActiveCfg = Release|Any CPU
		{70CADF88-5F11-4ABA-9D77-6ACBBB0396CA}.Release|Any CPU.Build.0 = Release|Any CPU
		{70CADF88-5F11-4ABA-9D77-6ACBBB0396CA}.Release|x64.ActiveCfg = Release|Any CPU
		{70CADF88-5F11-4ABA-9D77-6ACBBB0396CA}.Release|x64.Build.0 = Release|Any CPU
		{70CADF88-5F11-4ABA-9D77-6ACBBB0396CA}.Release|x86.ActiveCfg = Release|Any CPU
		{70CADF88-5F11-4ABA-9D77-6ACBBB0396CA}.Release|x86.Build.0 = Release|Any CPU
		{CEA068D9-8433-4E6F-B4F7-92F1DEF3B5B8}.Debug|Any CPU.ActiveCfg = Debug|Any CPU
		{CEA068D9-8433-4E6F-B4F7-92F1DEF3B5B8}.Debug|Any CPU.Build.0 = Debug|Any CPU
		{CEA068D9-8433-4E6F-B4F7-92F1DEF3B5B8}.Debug|x64.ActiveCfg = Debug|Any CPU
		{CEA068D9-8433-4E6F-B4F7-92F1DEF3B5B8}.Debug|x64.Build.0 = Debug|Any CPU
		{CEA068D9-8433-4E6F-B4F7-92F1DEF3B5B8}.Debug|x86.ActiveCfg = Debug|Any CPU
		{CEA068D9-8433-4E6F-B4F7-92F1DEF3B5B8}.Debug|x86.Build.0 = Debug|Any CPU
		{CEA068D9-8433-4E6F-B4F7-92F1DEF3B5B8}.Release|Any CPU.ActiveCfg = Release|Any CPU
		{CEA068D9-8433-4E6F-B4F7-92F1DEF3B5B8}.Release|Any CPU.Build.0 = Release|Any CPU
		{CEA068D9-8433-4E6F-B4F7-92F1DEF3B5B8}.Release|x64.ActiveCfg = Release|Any CPU
		{CEA068D9-8433-4E6F-B4F7-92F1DEF3B5B8}.Release|x64.Build.0 = Release|Any CPU
		{CEA068D9-8433-4E6F-B4F7-92F1DEF3B5B8}.Release|x86.ActiveCfg = Release|Any CPU
		{CEA068D9-8433-4E6F-B4F7-92F1DEF3B5B8}.Release|x86.Build.0 = Release|Any CPU
		{1867E842-B208-41EF-A8F4-C59FD2B0AD2D}.Debug|Any CPU.ActiveCfg = Debug|Any CPU
		{1867E842-B208-41EF-A8F4-C59FD2B0AD2D}.Debug|Any CPU.Build.0 = Debug|Any CPU
		{1867E842-B208-41EF-A8F4-C59FD2B0AD2D}.Debug|x64.ActiveCfg = Debug|Any CPU
		{1867E842-B208-41EF-A8F4-C59FD2B0AD2D}.Debug|x64.Build.0 = Debug|Any CPU
		{1867E842-B208-41EF-A8F4-C59FD2B0AD2D}.Debug|x86.ActiveCfg = Debug|Any CPU
		{1867E842-B208-41EF-A8F4-C59FD2B0AD2D}.Debug|x86.Build.0 = Debug|Any CPU
		{1867E842-B208-41EF-A8F4-C59FD2B0AD2D}.Release|Any CPU.ActiveCfg = Release|Any CPU
		{1867E842-B208-41EF-A8F4-C59FD2B0AD2D}.Release|Any CPU.Build.0 = Release|Any CPU
		{1867E842-B208-41EF-A8F4-C59FD2B0AD2D}.Release|x64.ActiveCfg = Release|Any CPU
		{1867E842-B208-41EF-A8F4-C59FD2B0AD2D}.Release|x64.Build.0 = Release|Any CPU
		{1867E842-B208-41EF-A8F4-C59FD2B0AD2D}.Release|x86.ActiveCfg = Release|Any CPU
		{1867E842-B208-41EF-A8F4-C59FD2B0AD2D}.Release|x86.Build.0 = Release|Any CPU
		{B36DDE5A-E5F5-4F1D-A2C3-16DA8618EDCD}.Debug|Any CPU.ActiveCfg = Debug|Any CPU
		{B36DDE5A-E5F5-4F1D-A2C3-16DA8618EDCD}.Debug|Any CPU.Build.0 = Debug|Any CPU
		{B36DDE5A-E5F5-4F1D-A2C3-16DA8618EDCD}.Debug|x64.ActiveCfg = Debug|Any CPU
		{B36DDE5A-E5F5-4F1D-A2C3-16DA8618EDCD}.Debug|x64.Build.0 = Debug|Any CPU
		{B36DDE5A-E5F5-4F1D-A2C3-16DA8618EDCD}.Debug|x86.ActiveCfg = Debug|Any CPU
		{B36DDE5A-E5F5-4F1D-A2C3-16DA8618EDCD}.Debug|x86.Build.0 = Debug|Any CPU
		{B36DDE5A-E5F5-4F1D-A2C3-16DA8618EDCD}.Release|Any CPU.ActiveCfg = Release|Any CPU
		{B36DDE5A-E5F5-4F1D-A2C3-16DA8618EDCD}.Release|Any CPU.Build.0 = Release|Any CPU
		{B36DDE5A-E5F5-4F1D-A2C3-16DA8618EDCD}.Release|x64.ActiveCfg = Release|Any CPU
		{B36DDE5A-E5F5-4F1D-A2C3-16DA8618EDCD}.Release|x64.Build.0 = Release|Any CPU
		{B36DDE5A-E5F5-4F1D-A2C3-16DA8618EDCD}.Release|x86.ActiveCfg = Release|Any CPU
		{B36DDE5A-E5F5-4F1D-A2C3-16DA8618EDCD}.Release|x86.Build.0 = Release|Any CPU
		{85B38F8D-9524-4ACF-9D5A-00BB16F544CB}.Debug|Any CPU.ActiveCfg = Debug|Any CPU
		{85B38F8D-9524-4ACF-9D5A-00BB16F544CB}.Debug|Any CPU.Build.0 = Debug|Any CPU
		{85B38F8D-9524-4ACF-9D5A-00BB16F544CB}.Debug|x64.ActiveCfg = Debug|Any CPU
		{85B38F8D-9524-4ACF-9D5A-00BB16F544CB}.Debug|x64.Build.0 = Debug|Any CPU
		{85B38F8D-9524-4ACF-9D5A-00BB16F544CB}.Debug|x86.ActiveCfg = Debug|Any CPU
		{85B38F8D-9524-4ACF-9D5A-00BB16F544CB}.Debug|x86.Build.0 = Debug|Any CPU
		{85B38F8D-9524-4ACF-9D5A-00BB16F544CB}.Release|Any CPU.ActiveCfg = Release|Any CPU
		{85B38F8D-9524-4ACF-9D5A-00BB16F544CB}.Release|Any CPU.Build.0 = Release|Any CPU
		{85B38F8D-9524-4ACF-9D5A-00BB16F544CB}.Release|x64.ActiveCfg = Release|Any CPU
		{85B38F8D-9524-4ACF-9D5A-00BB16F544CB}.Release|x64.Build.0 = Release|Any CPU
		{85B38F8D-9524-4ACF-9D5A-00BB16F544CB}.Release|x86.ActiveCfg = Release|Any CPU
		{85B38F8D-9524-4ACF-9D5A-00BB16F544CB}.Release|x86.Build.0 = Release|Any CPU
		{66BF1550-22B5-4A41-BD12-CC112CB48D27}.Debug|Any CPU.ActiveCfg = Debug|Any CPU
		{66BF1550-22B5-4A41-BD12-CC112CB48D27}.Debug|Any CPU.Build.0 = Debug|Any CPU
		{66BF1550-22B5-4A41-BD12-CC112CB48D27}.Debug|x64.ActiveCfg = Debug|Any CPU
		{66BF1550-22B5-4A41-BD12-CC112CB48D27}.Debug|x64.Build.0 = Debug|Any CPU
		{66BF1550-22B5-4A41-BD12-CC112CB48D27}.Debug|x86.ActiveCfg = Debug|Any CPU
		{66BF1550-22B5-4A41-BD12-CC112CB48D27}.Debug|x86.Build.0 = Debug|Any CPU
		{66BF1550-22B5-4A41-BD12-CC112CB48D27}.Release|Any CPU.ActiveCfg = Release|Any CPU
		{66BF1550-22B5-4A41-BD12-CC112CB48D27}.Release|Any CPU.Build.0 = Release|Any CPU
		{66BF1550-22B5-4A41-BD12-CC112CB48D27}.Release|x64.ActiveCfg = Release|Any CPU
		{66BF1550-22B5-4A41-BD12-CC112CB48D27}.Release|x64.Build.0 = Release|Any CPU
		{66BF1550-22B5-4A41-BD12-CC112CB48D27}.Release|x86.ActiveCfg = Release|Any CPU
		{66BF1550-22B5-4A41-BD12-CC112CB48D27}.Release|x86.Build.0 = Release|Any CPU
		{828F6557-4B1D-483B-BD28-B42E85CECC36}.Debug|Any CPU.ActiveCfg = Debug|Any CPU
		{828F6557-4B1D-483B-BD28-B42E85CECC36}.Debug|Any CPU.Build.0 = Debug|Any CPU
		{828F6557-4B1D-483B-BD28-B42E85CECC36}.Debug|x64.ActiveCfg = Debug|Any CPU
		{828F6557-4B1D-483B-BD28-B42E85CECC36}.Debug|x64.Build.0 = Debug|Any CPU
		{828F6557-4B1D-483B-BD28-B42E85CECC36}.Debug|x86.ActiveCfg = Debug|Any CPU
		{828F6557-4B1D-483B-BD28-B42E85CECC36}.Debug|x86.Build.0 = Debug|Any CPU
		{828F6557-4B1D-483B-BD28-B42E85CECC36}.Release|Any CPU.ActiveCfg = Release|Any CPU
		{828F6557-4B1D-483B-BD28-B42E85CECC36}.Release|Any CPU.Build.0 = Release|Any CPU
		{828F6557-4B1D-483B-BD28-B42E85CECC36}.Release|x64.ActiveCfg = Release|Any CPU
		{828F6557-4B1D-483B-BD28-B42E85CECC36}.Release|x64.Build.0 = Release|Any CPU
		{828F6557-4B1D-483B-BD28-B42E85CECC36}.Release|x86.ActiveCfg = Release|Any CPU
		{828F6557-4B1D-483B-BD28-B42E85CECC36}.Release|x86.Build.0 = Release|Any CPU
	EndGlobalSection
	GlobalSection(SolutionProperties) = preSolution
		HideSolutionNode = FALSE
	EndGlobalSection
	GlobalSection(ExtensibilityGlobals) = postSolution
		SolutionGuid = {0D740590-783F-43F5-9E46-00061AF4620F}
	EndGlobalSection
EndGlobal
