
Microsoft Visual Studio Solution File, Format Version 12.00
# Visual Studio Version 17
VisualStudioVersion = 17.6.33829.357
MinimumVisualStudioVersion = 10.0.40219.1
Project("{2150E333-8FDC-42A3-9474-1A3956D46DE8}") = "Solution Items", "Solution Items", "{8024C235-06A8-45D2-B4F0-2CFD70EE532B}"
	ProjectSection(SolutionItems) = preProject
		.editorconfig = .editorconfig
	EndProjectSection
EndProject
Project("{9A19103F-16F7-4668-BE54-9A1E7A4F7556}") = "12865", "12865\12865.csproj", "{C2A4618D-1ED2-48CF-9A63-896921F3DCB3}"
EndProject
Project("{9A19103F-16F7-4668-BE54-9A1E7A4F7556}") = "1966", "1966\1966.csproj", "{B1420C02-710C-4CFD-A56A-BA2D481B6F00}"
EndProject
Project("{9A19103F-16F7-4668-BE54-9A1E7A4F7556}") = "9655", "9655\9655.csproj", "{5BB0840F-E1E8-403B-BAF8-8401F2AE6D9C}"
EndProject
Project("{9A19103F-16F7-4668-BE54-9A1E7A4F7556}") = "1655", "1655\1655.csproj", "{ADF968C7-3C2E-46CD-96FC-A4A9AA0AFCDA}"
EndProject
Project("{9A19103F-16F7-4668-BE54-9A1E7A4F7556}") = "3197", "3197\3197.csproj", "{14FF68A5-1D29-419A-BACD-7911AD5A9AEE}"
EndProject
Project("{9A19103F-16F7-4668-BE54-9A1E7A4F7556}") = "1003", "1003\1003.csproj", "{6E66D661-ABC8-4914-B7EC-FF23FED95ADD}"
EndProject
Project("{FAE04EC0-301F-11D3-BF4B-00C04F79EFBC}") = "11286", "11286\11286.csproj", "{D19DE63B-1175-49C6-9AC4-FC919FE3DF74}"
EndProject
Project("{FAE04EC0-301F-11D3-BF4B-00C04F79EFBC}") = "2178", "2178\2178.csproj", "{B2D75D41-A1A0-461D-9299-7703AFAFEA4F}"
EndProject
Global
	GlobalSection(SolutionConfigurationPlatforms) = preSolution
		Debug|Any CPU = Debug|Any CPU
		Release|Any CPU = Release|Any CPU
	EndGlobalSection
	GlobalSection(ProjectConfigurationPlatforms) = postSolution
		{C2A4618D-1ED2-48CF-9A63-896921F3DCB3}.Debug|Any CPU.ActiveCfg = Debug|Any CPU
		{C2A4618D-1ED2-48CF-9A63-896921F3DCB3}.Debug|Any CPU.Build.0 = Debug|Any CPU
		{C2A4618D-1ED2-48CF-9A63-896921F3DCB3}.Release|Any CPU.ActiveCfg = Release|Any CPU
		{C2A4618D-1ED2-48CF-9A63-896921F3DCB3}.Release|Any CPU.Build.0 = Release|Any CPU
		{B1420C02-710C-4CFD-A56A-BA2D481B6F00}.Debug|Any CPU.ActiveCfg = Debug|Any CPU
		{B1420C02-710C-4CFD-A56A-BA2D481B6F00}.Debug|Any CPU.Build.0 = Debug|Any CPU
		{B1420C02-710C-4CFD-A56A-BA2D481B6F00}.Release|Any CPU.ActiveCfg = Release|Any CPU
		{B1420C02-710C-4CFD-A56A-BA2D481B6F00}.Release|Any CPU.Build.0 = Release|Any CPU
		{5BB0840F-E1E8-403B-BAF8-8401F2AE6D9C}.Debug|Any CPU.ActiveCfg = Debug|Any CPU
		{5BB0840F-E1E8-403B-BAF8-8401F2AE6D9C}.Debug|Any CPU.Build.0 = Debug|Any CPU
		{5BB0840F-E1E8-403B-BAF8-8401F2AE6D9C}.Release|Any CPU.ActiveCfg = Release|Any CPU
		{5BB0840F-E1E8-403B-BAF8-8401F2AE6D9C}.Release|Any CPU.Build.0 = Release|Any CPU
		{ADF968C7-3C2E-46CD-96FC-A4A9AA0AFCDA}.Debug|Any CPU.ActiveCfg = Debug|Any CPU
		{ADF968C7-3C2E-46CD-96FC-A4A9AA0AFCDA}.Debug|Any CPU.Build.0 = Debug|Any CPU
		{ADF968C7-3C2E-46CD-96FC-A4A9AA0AFCDA}.Release|Any CPU.ActiveCfg = Release|Any CPU
		{ADF968C7-3C2E-46CD-96FC-A4A9AA0AFCDA}.Release|Any CPU.Build.0 = Release|Any CPU
		{14FF68A5-1D29-419A-BACD-7911AD5A9AEE}.Debug|Any CPU.ActiveCfg = Debug|Any CPU
		{14FF68A5-1D29-419A-BACD-7911AD5A9AEE}.Debug|Any CPU.Build.0 = Debug|Any CPU
		{14FF68A5-1D29-419A-BACD-7911AD5A9AEE}.Release|Any CPU.ActiveCfg = Release|Any CPU
		{14FF68A5-1D29-419A-BACD-7911AD5A9AEE}.Release|Any CPU.Build.0 = Release|Any CPU
		{6E66D661-ABC8-4914-B7EC-FF23FED95ADD}.Debug|Any CPU.ActiveCfg = Debug|Any CPU
		{6E66D661-ABC8-4914-B7EC-FF23FED95ADD}.Debug|Any CPU.Build.0 = Debug|Any CPU
		{6E66D661-ABC8-4914-B7EC-FF23FED95ADD}.Release|Any CPU.ActiveCfg = Release|Any CPU
		{6E66D661-ABC8-4914-B7EC-FF23FED95ADD}.Release|Any CPU.Build.0 = Release|Any CPU
		{D19DE63B-1175-49C6-9AC4-FC919FE3DF74}.Debug|Any CPU.ActiveCfg = Debug|Any CPU
		{D19DE63B-1175-49C6-9AC4-FC919FE3DF74}.Debug|Any CPU.Build.0 = Debug|Any CPU
		{D19DE63B-1175-49C6-9AC4-FC919FE3DF74}.Release|Any CPU.ActiveCfg = Release|Any CPU
		{D19DE63B-1175-49C6-9AC4-FC919FE3DF74}.Release|Any CPU.Build.0 = Release|Any CPU
		{B2D75D41-A1A0-461D-9299-7703AFAFEA4F}.Debug|Any CPU.ActiveCfg = Debug|Any CPU
		{B2D75D41-A1A0-461D-9299-7703AFAFEA4F}.Debug|Any CPU.Build.0 = Debug|Any CPU
		{B2D75D41-A1A0-461D-9299-7703AFAFEA4F}.Release|Any CPU.ActiveCfg = Release|Any CPU
		{B2D75D41-A1A0-461D-9299-7703AFAFEA4F}.Release|Any CPU.Build.0 = Release|Any CPU
	EndGlobalSection
	GlobalSection(SolutionProperties) = preSolution
		HideSolutionNode = FALSE
	EndGlobalSection
	GlobalSection(ExtensibilityGlobals) = postSolution
		SolutionGuid = {0D740590-783F-43F5-9E46-00061AF4620F}
	EndGlobalSection
EndGlobal
